{
  "version": 4,
  "terraform_version": "0.14.8",
  "serial": 529,
  "lineage": "0081cd4b-135c-0d79-6c9a-7a2baedca9cd",
  "outputs": {
    "vpc_id": {
      "value": "vpc-087b4ff30d2c70afb",
      "type": "string"
    }
  },
  "resources": [
    {
      "module": "module.tfm-aws-sg",
      "mode": "managed",
      "type": "aws_security_group",
      "name": "public_sg",
      "provider": "provider[\"registry.terraform.io/hashicorp/aws\"]",
      "instances": [
        {
          "schema_version": 1,
          "attributes": {
            "arn": "arn:aws:ec2:us-east-1:063684132054:security-group/sg-03c17008f2522adbd",
            "description": "Public Host",
            "egress": [
              {
                "cidr_blocks": [
                  "0.0.0.0/0"
                ],
                "description": "",
                "from_port": 0,
                "ipv6_cidr_blocks": [],
                "prefix_list_ids": [],
                "protocol": "-1",
                "security_groups": [],
                "self": false,
                "to_port": 0
              }
            ],
            "id": "sg-03c17008f2522adbd",
            "ingress": [],
            "name": "public-sg",
            "name_prefix": "",
            "owner_id": "063684132054",
            "revoke_rules_on_delete": false,
            "tags": {
              "Name": "public-in-bpp"
            },
            "timeouts": null,
            "vpc_id": "vpc-087b4ff30d2c70afb"
          },
          "sensitive_attributes": [],
          "private": "eyJlMmJmYjczMC1lY2FhLTExZTYtOGY4OC0zNDM2M2JjN2M0YzAiOnsiY3JlYXRlIjo2MDAwMDAwMDAwMDAsImRlbGV0ZSI6NjAwMDAwMDAwMDAwfSwic2NoZW1hX3ZlcnNpb24iOiIxIn0=",
          "dependencies": [
            "module.tfm_vpc.aws_vpc.main_vpc"
          ]
        }
      ]
    },
    {
      "module": "module.tfm-aws-sg",
      "mode": "managed",
      "type": "aws_security_group_rule",
      "name": "inbound_in_public_sg",
      "provider": "provider[\"registry.terraform.io/hashicorp/aws\"]",
      "instances": [
        {
          "schema_version": 2,
          "attributes": {
            "cidr_blocks": [
              "186.207.198.33/32"
            ],
            "description": null,
            "from_port": 0,
            "id": "sgrule-3056503183",
            "ipv6_cidr_blocks": null,
            "prefix_list_ids": null,
            "protocol": "-1",
            "security_group_id": "sg-03c17008f2522adbd",
            "self": false,
            "source_security_group_id": null,
            "to_port": 0,
            "type": "ingress"
          },
          "sensitive_attributes": [],
          "private": "eyJzY2hlbWFfdmVyc2lvbiI6IjIifQ==",
          "dependencies": [
            "module.tfm-aws-sg.aws_security_group.public_sg",
            "module.tfm_vpc.aws_vpc.main_vpc"
          ]
        }
      ]
    },
    {
      "module": "module.tfm-aws-sg",
      "mode": "managed",
      "type": "aws_security_group_rule",
      "name": "self_in_public_sg",
      "provider": "provider[\"registry.terraform.io/hashicorp/aws\"]",
      "instances": [
        {
          "schema_version": 2,
          "attributes": {
            "cidr_blocks": null,
            "description": null,
            "from_port": 0,
            "id": "sgrule-1236903223",
            "ipv6_cidr_blocks": null,
            "prefix_list_ids": null,
            "protocol": "-1",
            "security_group_id": "sg-03c17008f2522adbd",
            "self": true,
            "source_security_group_id": null,
            "to_port": 0,
            "type": "ingress"
          },
          "sensitive_attributes": [],
          "private": "eyJzY2hlbWFfdmVyc2lvbiI6IjIifQ==",
          "dependencies": [
            "module.tfm-aws-sg.aws_security_group.public_sg",
            "module.tfm_vpc.aws_vpc.main_vpc"
          ]
        }
      ]
    },
    {
      "module": "module.tfm_vpc",
      "mode": "managed",
      "type": "aws_eip",
      "name": "vpc_eip_1",
      "provider": "provider[\"registry.terraform.io/hashicorp/aws\"]",
      "instances": [
        {
          "schema_version": 0,
          "attributes": {
            "allocation_id": null,
            "associate_with_private_ip": null,
            "association_id": "",
            "carrier_ip": "",
            "customer_owned_ip": "",
            "customer_owned_ipv4_pool": "",
            "domain": "vpc",
            "id": "eipalloc-04ec39218078ea6b2",
            "instance": "",
            "network_border_group": "us-east-1",
            "network_interface": "",
            "private_dns": null,
            "private_ip": "",
            "public_dns": "ec2-3-208-56-163.compute-1.amazonaws.com",
            "public_ip": "3.208.56.163",
            "public_ipv4_pool": "amazon",
            "tags": {
              "Name": "nat-a-eip"
            },
            "timeouts": null,
            "vpc": true
          },
          "sensitive_attributes": [],
          "private": "eyJlMmJmYjczMC1lY2FhLTExZTYtOGY4OC0zNDM2M2JjN2M0YzAiOnsiZGVsZXRlIjoxODAwMDAwMDAwMDAsInJlYWQiOjkwMDAwMDAwMDAwMCwidXBkYXRlIjozMDAwMDAwMDAwMDB9fQ=="
        }
      ]
    },
    {
      "module": "module.tfm_vpc",
      "mode": "managed",
      "type": "aws_eip",
      "name": "vpc_eip_2",
      "provider": "provider[\"registry.terraform.io/hashicorp/aws\"]",
      "instances": [
        {
          "schema_version": 0,
          "attributes": {
            "allocation_id": null,
            "associate_with_private_ip": null,
            "association_id": "",
            "carrier_ip": "",
            "customer_owned_ip": "",
            "customer_owned_ipv4_pool": "",
            "domain": "vpc",
            "id": "eipalloc-086899ec71d1d1566",
            "instance": "",
            "network_border_group": "us-east-1",
            "network_interface": "",
            "private_dns": null,
            "private_ip": "",
            "public_dns": "ec2-52-20-85-217.compute-1.amazonaws.com",
            "public_ip": "52.20.85.217",
            "public_ipv4_pool": "amazon",
            "tags": {
              "Name": "nat-b-eip"
            },
            "timeouts": null,
            "vpc": true
          },
          "sensitive_attributes": [],
          "private": "eyJlMmJmYjczMC1lY2FhLTExZTYtOGY4OC0zNDM2M2JjN2M0YzAiOnsiZGVsZXRlIjoxODAwMDAwMDAwMDAsInJlYWQiOjkwMDAwMDAwMDAwMCwidXBkYXRlIjozMDAwMDAwMDAwMDB9fQ=="
        }
      ]
    },
    {
      "module": "module.tfm_vpc",
      "mode": "managed",
      "type": "aws_eip",
      "name": "vpc_eip_3",
      "provider": "provider[\"registry.terraform.io/hashicorp/aws\"]",
      "instances": [
        {
          "schema_version": 0,
          "attributes": {
            "allocation_id": null,
            "associate_with_private_ip": null,
            "association_id": "",
            "carrier_ip": "",
            "customer_owned_ip": "",
            "customer_owned_ipv4_pool": "",
            "domain": "vpc",
            "id": "eipalloc-0e28e82335b13499d",
            "instance": "",
            "network_border_group": "us-east-1",
            "network_interface": "",
            "private_dns": null,
            "private_ip": "",
            "public_dns": "ec2-174-129-75-14.compute-1.amazonaws.com",
            "public_ip": "174.129.75.14",
            "public_ipv4_pool": "amazon",
            "tags": {
              "Name": "nat-c-eip"
            },
            "timeouts": null,
            "vpc": true
          },
          "sensitive_attributes": [],
          "private": "eyJlMmJmYjczMC1lY2FhLTExZTYtOGY4OC0zNDM2M2JjN2M0YzAiOnsiZGVsZXRlIjoxODAwMDAwMDAwMDAsInJlYWQiOjkwMDAwMDAwMDAwMCwidXBkYXRlIjozMDAwMDAwMDAwMDB9fQ=="
        }
      ]
    },
    {
      "module": "module.tfm_vpc",
      "mode": "managed",
      "type": "aws_internet_gateway",
      "name": "igw",
      "provider": "provider[\"registry.terraform.io/hashicorp/aws\"]",
      "instances": [
        {
          "schema_version": 0,
          "attributes": {
            "arn": "arn:aws:ec2:us-east-1:063684132054:internet-gateway/igw-0e4f8eda08c0fe77a",
            "id": "igw-0e4f8eda08c0fe77a",
            "owner_id": "063684132054",
            "tags": {
              "Name": "project-igw"
            },
            "vpc_id": "vpc-087b4ff30d2c70afb"
          },
          "sensitive_attributes": [],
          "private": "bnVsbA==",
          "dependencies": [
            "module.tfm_vpc.aws_vpc.main_vpc"
          ]
        }
      ]
    },
    {
      "module": "module.tfm_vpc",
      "mode": "managed",
      "type": "aws_nat_gateway",
      "name": "nat_a",
      "provider": "provider[\"registry.terraform.io/hashicorp/aws\"]",
      "instances": [
        {
          "schema_version": 0,
          "attributes": {
            "allocation_id": "eipalloc-04ec39218078ea6b2",
            "id": "nat-07f13140e664e1c7c",
            "network_interface_id": "eni-02e196b4522bb550e",
            "private_ip": "10.0.1.47",
            "public_ip": "3.208.56.163",
            "subnet_id": "subnet-02d5f6317679419e4",
            "tags": {
              "Name": "nat-gateway-a"
            }
          },
          "sensitive_attributes": [],
          "private": "bnVsbA==",
          "dependencies": [
            "module.tfm_vpc.aws_eip.vpc_eip_1",
            "module.tfm_vpc.aws_subnet.public_a",
            "module.tfm_vpc.aws_vpc.main_vpc"
          ]
        }
      ]
    },
    {
      "module": "module.tfm_vpc",
      "mode": "managed",
      "type": "aws_nat_gateway",
      "name": "nat_b",
      "provider": "provider[\"registry.terraform.io/hashicorp/aws\"]",
      "instances": [
        {
          "schema_version": 0,
          "attributes": {
            "allocation_id": "eipalloc-086899ec71d1d1566",
            "id": "nat-0dc4393759143f2e1",
            "network_interface_id": "eni-064372b6a161835ea",
            "private_ip": "10.0.2.221",
            "public_ip": "52.20.85.217",
            "subnet_id": "subnet-028c3adf9227237be",
            "tags": {
              "Name": "nat-gateway-b"
            }
          },
          "sensitive_attributes": [],
          "private": "bnVsbA==",
          "dependencies": [
            "module.tfm_vpc.aws_eip.vpc_eip_2",
            "module.tfm_vpc.aws_subnet.public_b",
            "module.tfm_vpc.aws_vpc.main_vpc"
          ]
        }
      ]
    },
    {
      "module": "module.tfm_vpc",
      "mode": "managed",
      "type": "aws_nat_gateway",
      "name": "nat_c",
      "provider": "provider[\"registry.terraform.io/hashicorp/aws\"]",
      "instances": [
        {
          "schema_version": 0,
          "attributes": {
            "allocation_id": "eipalloc-0e28e82335b13499d",
            "id": "nat-0afff079700872622",
            "network_interface_id": "eni-03af4ba15c3477b45",
            "private_ip": "10.0.3.139",
            "public_ip": "174.129.75.14",
            "subnet_id": "subnet-01a9c911496e11836",
            "tags": {
              "Name": "nat-gateway-c"
            }
          },
          "sensitive_attributes": [],
          "private": "bnVsbA==",
          "dependencies": [
            "module.tfm_vpc.aws_eip.vpc_eip_3",
            "module.tfm_vpc.aws_subnet.public_c",
            "module.tfm_vpc.aws_vpc.main_vpc"
          ]
        }
      ]
    },
    {
      "module": "module.tfm_vpc",
      "mode": "managed",
      "type": "aws_route",
      "name": "internet_access",
      "provider": "provider[\"registry.terraform.io/hashicorp/aws\"]",
      "instances": [
        {
          "schema_version": 0,
          "attributes": {
            "destination_cidr_block": "0.0.0.0/0",
            "destination_ipv6_cidr_block": "",
            "destination_prefix_list_id": "",
            "egress_only_gateway_id": "",
            "gateway_id": "igw-0e4f8eda08c0fe77a",
            "id": "r-rtb-02b54e96b48990ffd1080289494",
            "instance_id": "",
            "instance_owner_id": "",
            "local_gateway_id": "",
            "nat_gateway_id": "",
            "network_interface_id": "",
            "origin": "CreateRoute",
            "route_table_id": "rtb-02b54e96b48990ffd",
            "state": "active",
            "timeouts": null,
            "transit_gateway_id": "",
            "vpc_endpoint_id": null,
            "vpc_peering_connection_id": ""
          },
          "sensitive_attributes": [],
          "private": "eyJlMmJmYjczMC1lY2FhLTExZTYtOGY4OC0zNDM2M2JjN2M0YzAiOnsiY3JlYXRlIjoxMjAwMDAwMDAwMDAsImRlbGV0ZSI6MzAwMDAwMDAwMDAwfX0=",
          "dependencies": [
            "module.tfm_vpc.aws_internet_gateway.igw",
            "module.tfm_vpc.aws_vpc.main_vpc"
          ]
        }
      ]
    },
    {
      "module": "module.tfm_vpc",
      "mode": "managed",
      "type": "aws_route",
      "name": "private_a",
      "provider": "provider[\"registry.terraform.io/hashicorp/aws\"]",
      "instances": [
        {
          "schema_version": 0,
          "attributes": {
            "destination_cidr_block": "0.0.0.0/0",
            "destination_ipv6_cidr_block": "",
            "destination_prefix_list_id": "",
            "egress_only_gateway_id": "",
            "gateway_id": "",
            "id": "r-rtb-0a8ac0cdb2df1ae271080289494",
            "instance_id": "",
            "instance_owner_id": "",
            "local_gateway_id": "",
            "nat_gateway_id": "nat-07f13140e664e1c7c",
            "network_interface_id": "",
            "origin": "CreateRoute",
            "route_table_id": "rtb-0a8ac0cdb2df1ae27",
            "state": "active",
            "timeouts": null,
            "transit_gateway_id": "",
            "vpc_endpoint_id": null,
            "vpc_peering_connection_id": ""
          },
          "sensitive_attributes": [],
          "private": "eyJlMmJmYjczMC1lY2FhLTExZTYtOGY4OC0zNDM2M2JjN2M0YzAiOnsiY3JlYXRlIjoxMjAwMDAwMDAwMDAsImRlbGV0ZSI6MzAwMDAwMDAwMDAwfX0=",
          "dependencies": [
            "module.tfm_vpc.aws_eip.vpc_eip_1",
            "module.tfm_vpc.aws_nat_gateway.nat_a",
            "module.tfm_vpc.aws_route_table.private_a",
            "module.tfm_vpc.aws_subnet.public_a",
            "module.tfm_vpc.aws_vpc.main_vpc"
          ]
        }
      ]
    },
    {
      "module": "module.tfm_vpc",
      "mode": "managed",
      "type": "aws_route",
      "name": "private_b",
      "provider": "provider[\"registry.terraform.io/hashicorp/aws\"]",
      "instances": [
        {
          "schema_version": 0,
          "attributes": {
            "destination_cidr_block": "0.0.0.0/0",
            "destination_ipv6_cidr_block": "",
            "destination_prefix_list_id": "",
            "egress_only_gateway_id": "",
            "gateway_id": "",
            "id": "r-rtb-0233ebf24017e16c41080289494",
            "instance_id": "",
            "instance_owner_id": "",
            "local_gateway_id": "",
            "nat_gateway_id": "nat-0dc4393759143f2e1",
            "network_interface_id": "",
            "origin": "CreateRoute",
            "route_table_id": "rtb-0233ebf24017e16c4",
            "state": "active",
            "timeouts": null,
            "transit_gateway_id": "",
            "vpc_endpoint_id": null,
            "vpc_peering_connection_id": ""
          },
          "sensitive_attributes": [],
          "private": "eyJlMmJmYjczMC1lY2FhLTExZTYtOGY4OC0zNDM2M2JjN2M0YzAiOnsiY3JlYXRlIjoxMjAwMDAwMDAwMDAsImRlbGV0ZSI6MzAwMDAwMDAwMDAwfX0=",
          "dependencies": [
            "module.tfm_vpc.aws_eip.vpc_eip_2",
            "module.tfm_vpc.aws_nat_gateway.nat_b",
            "module.tfm_vpc.aws_route_table.private_b",
            "module.tfm_vpc.aws_subnet.public_b",
            "module.tfm_vpc.aws_vpc.main_vpc"
          ]
        }
      ]
    },
    {
      "module": "module.tfm_vpc",
      "mode": "managed",
      "type": "aws_route",
      "name": "private_c",
      "provider": "provider[\"registry.terraform.io/hashicorp/aws\"]",
      "instances": [
        {
          "schema_version": 0,
          "attributes": {
            "destination_cidr_block": "0.0.0.0/0",
            "destination_ipv6_cidr_block": "",
            "destination_prefix_list_id": "",
            "egress_only_gateway_id": "",
            "gateway_id": "",
            "id": "r-rtb-0865e51899f6e7adb1080289494",
            "instance_id": "",
            "instance_owner_id": "",
            "local_gateway_id": "",
            "nat_gateway_id": "nat-0afff079700872622",
            "network_interface_id": "",
            "origin": "CreateRoute",
            "route_table_id": "rtb-0865e51899f6e7adb",
            "state": "active",
            "timeouts": null,
            "transit_gateway_id": "",
            "vpc_endpoint_id": null,
            "vpc_peering_connection_id": ""
          },
          "sensitive_attributes": [],
          "private": "eyJlMmJmYjczMC1lY2FhLTExZTYtOGY4OC0zNDM2M2JjN2M0YzAiOnsiY3JlYXRlIjoxMjAwMDAwMDAwMDAsImRlbGV0ZSI6MzAwMDAwMDAwMDAwfX0=",
          "dependencies": [
            "module.tfm_vpc.aws_eip.vpc_eip_3",
            "module.tfm_vpc.aws_nat_gateway.nat_c",
            "module.tfm_vpc.aws_route_table.private_c",
            "module.tfm_vpc.aws_subnet.public_c",
            "module.tfm_vpc.aws_vpc.main_vpc"
          ]
        }
      ]
    },
    {
      "module": "module.tfm_vpc",
      "mode": "managed",
      "type": "aws_route_table",
      "name": "private_a",
      "provider": "provider[\"registry.terraform.io/hashicorp/aws\"]",
      "instances": [
        {
          "schema_version": 0,
          "attributes": {
            "id": "rtb-0a8ac0cdb2df1ae27",
            "owner_id": "063684132054",
            "propagating_vgws": [],
            "route": [],
            "tags": {
              "Name": "private-rt-a"
            },
            "vpc_id": "vpc-087b4ff30d2c70afb"
          },
          "sensitive_attributes": [],
          "private": "bnVsbA==",
          "dependencies": [
            "module.tfm_vpc.aws_vpc.main_vpc"
          ]
        }
      ]
    },
    {
      "module": "module.tfm_vpc",
      "mode": "managed",
      "type": "aws_route_table",
      "name": "private_b",
      "provider": "provider[\"registry.terraform.io/hashicorp/aws\"]",
      "instances": [
        {
          "schema_version": 0,
          "attributes": {
            "id": "rtb-0233ebf24017e16c4",
            "owner_id": "063684132054",
            "propagating_vgws": [],
            "route": [],
            "tags": {
              "Name": "-private-rt-b"
            },
            "vpc_id": "vpc-087b4ff30d2c70afb"
          },
          "sensitive_attributes": [],
          "private": "bnVsbA==",
          "dependencies": [
            "module.tfm_vpc.aws_vpc.main_vpc"
          ]
        }
      ]
    },
    {
      "module": "module.tfm_vpc",
      "mode": "managed",
      "type": "aws_route_table",
      "name": "private_c",
      "provider": "provider[\"registry.terraform.io/hashicorp/aws\"]",
      "instances": [
        {
          "schema_version": 0,
          "attributes": {
            "id": "rtb-0865e51899f6e7adb",
            "owner_id": "063684132054",
            "propagating_vgws": [],
            "route": [],
            "tags": {
              "Name": "private-rt-c"
            },
            "vpc_id": "vpc-087b4ff30d2c70afb"
          },
          "sensitive_attributes": [],
          "private": "bnVsbA==",
          "dependencies": [
            "module.tfm_vpc.aws_vpc.main_vpc"
          ]
        }
      ]
    },
    {
      "module": "module.tfm_vpc",
      "mode": "managed",
      "type": "aws_route_table_association",
      "name": "data_a",
      "provider": "provider[\"registry.terraform.io/hashicorp/aws\"]",
      "instances": [
        {
          "schema_version": 0,
          "attributes": {
            "gateway_id": null,
            "id": "rtbassoc-0aefd750d9c5fdd8a",
            "route_table_id": "rtb-0a8ac0cdb2df1ae27",
            "subnet_id": "subnet-0f82147eaaa68c5dc"
          },
          "sensitive_attributes": [],
          "private": "bnVsbA==",
          "dependencies": [
            "module.tfm_vpc.aws_route_table.private_a",
            "module.tfm_vpc.aws_subnet.data_a",
            "module.tfm_vpc.aws_vpc.main_vpc"
          ]
        }
      ]
    },
    {
      "module": "module.tfm_vpc",
      "mode": "managed",
      "type": "aws_route_table_association",
      "name": "data_b",
      "provider": "provider[\"registry.terraform.io/hashicorp/aws\"]",
      "instances": [
        {
          "schema_version": 0,
          "attributes": {
            "gateway_id": null,
            "id": "rtbassoc-02497402258d6fe9c",
            "route_table_id": "rtb-0233ebf24017e16c4",
            "subnet_id": "subnet-01880e658d224a79a"
          },
          "sensitive_attributes": [],
          "private": "bnVsbA==",
          "dependencies": [
            "module.tfm_vpc.aws_route_table.private_b",
            "module.tfm_vpc.aws_subnet.data_b",
            "module.tfm_vpc.aws_vpc.main_vpc"
          ]
        }
      ]
    },
    {
      "module": "module.tfm_vpc",
      "mode": "managed",
      "type": "aws_route_table_association",
      "name": "data_c",
      "provider": "provider[\"registry.terraform.io/hashicorp/aws\"]",
      "instances": [
        {
          "schema_version": 0,
          "attributes": {
            "gateway_id": null,
            "id": "rtbassoc-03018cba2563da09e",
            "route_table_id": "rtb-0865e51899f6e7adb",
            "subnet_id": "subnet-097e02c9c837c2008"
          },
          "sensitive_attributes": [],
          "private": "bnVsbA==",
          "dependencies": [
            "module.tfm_vpc.aws_route_table.private_c",
            "module.tfm_vpc.aws_subnet.data_c",
            "module.tfm_vpc.aws_vpc.main_vpc"
          ]
        }
      ]
    },
    {
      "module": "module.tfm_vpc",
      "mode": "managed",
      "type": "aws_route_table_association",
      "name": "private_a",
      "provider": "provider[\"registry.terraform.io/hashicorp/aws\"]",
      "instances": [
        {
          "schema_version": 0,
          "attributes": {
            "gateway_id": null,
            "id": "rtbassoc-0df7c29c4f938673e",
            "route_table_id": "rtb-0a8ac0cdb2df1ae27",
            "subnet_id": "subnet-04c4aa5510e4cde2e"
          },
          "sensitive_attributes": [],
          "private": "bnVsbA==",
          "dependencies": [
            "module.tfm_vpc.aws_route_table.private_a",
            "module.tfm_vpc.aws_subnet.private_a",
            "module.tfm_vpc.aws_vpc.main_vpc"
          ]
        }
      ]
    },
    {
      "module": "module.tfm_vpc",
      "mode": "managed",
      "type": "aws_route_table_association",
      "name": "private_b",
      "provider": "provider[\"registry.terraform.io/hashicorp/aws\"]",
      "instances": [
        {
          "schema_version": 0,
          "attributes": {
            "gateway_id": null,
            "id": "rtbassoc-08e0adefd74f1622b",
            "route_table_id": "rtb-0233ebf24017e16c4",
            "subnet_id": "subnet-0cdb2ca14af744d81"
          },
          "sensitive_attributes": [],
          "private": "bnVsbA==",
          "dependencies": [
            "module.tfm_vpc.aws_route_table.private_b",
            "module.tfm_vpc.aws_subnet.private_b",
            "module.tfm_vpc.aws_vpc.main_vpc"
          ]
        }
      ]
    },
    {
      "module": "module.tfm_vpc",
      "mode": "managed",
      "type": "aws_route_table_association",
      "name": "private_c",
      "provider": "provider[\"registry.terraform.io/hashicorp/aws\"]",
      "instances": [
        {
          "schema_version": 0,
          "attributes": {
            "gateway_id": null,
            "id": "rtbassoc-005f8c59142676857",
            "route_table_id": "rtb-0865e51899f6e7adb",
            "subnet_id": "subnet-05a01d1ecd618e85d"
          },
          "sensitive_attributes": [],
          "private": "bnVsbA==",
          "dependencies": [
            "module.tfm_vpc.aws_route_table.private_c",
            "module.tfm_vpc.aws_subnet.private_c",
            "module.tfm_vpc.aws_vpc.main_vpc"
          ]
        }
      ]
    },
    {
      "module": "module.tfm_vpc",
      "mode": "managed",
      "type": "aws_route_table_association",
      "name": "public_a",
      "provider": "provider[\"registry.terraform.io/hashicorp/aws\"]",
      "instances": [
        {
          "schema_version": 0,
          "attributes": {
            "gateway_id": null,
            "id": "rtbassoc-08a2cd2c3a020760b",
            "route_table_id": "rtb-02b54e96b48990ffd",
            "subnet_id": "subnet-02d5f6317679419e4"
          },
          "sensitive_attributes": [],
          "private": "bnVsbA==",
          "dependencies": [
            "module.tfm_vpc.aws_subnet.public_a",
            "module.tfm_vpc.aws_vpc.main_vpc"
          ]
        }
      ]
    },
    {
      "module": "module.tfm_vpc",
      "mode": "managed",
      "type": "aws_route_table_association",
      "name": "public_b",
      "provider": "provider[\"registry.terraform.io/hashicorp/aws\"]",
      "instances": [
        {
          "schema_version": 0,
          "attributes": {
            "gateway_id": null,
            "id": "rtbassoc-0a167a38b183eadba",
            "route_table_id": "rtb-02b54e96b48990ffd",
            "subnet_id": "subnet-028c3adf9227237be"
          },
          "sensitive_attributes": [],
          "private": "bnVsbA==",
          "dependencies": [
            "module.tfm_vpc.aws_subnet.public_b",
            "module.tfm_vpc.aws_vpc.main_vpc"
          ]
        }
      ]
    },
    {
      "module": "module.tfm_vpc",
      "mode": "managed",
      "type": "aws_route_table_association",
      "name": "public_c",
      "provider": "provider[\"registry.terraform.io/hashicorp/aws\"]",
      "instances": [
        {
          "schema_version": 0,
          "attributes": {
            "gateway_id": null,
            "id": "rtbassoc-0626313fde745ecbf",
            "route_table_id": "rtb-02b54e96b48990ffd",
            "subnet_id": "subnet-01a9c911496e11836"
          },
          "sensitive_attributes": [],
          "private": "bnVsbA==",
          "dependencies": [
            "module.tfm_vpc.aws_subnet.public_c",
            "module.tfm_vpc.aws_vpc.main_vpc"
          ]
        }
      ]
    },
    {
      "module": "module.tfm_vpc",
      "mode": "managed",
      "type": "aws_subnet",
      "name": "data_a",
      "provider": "provider[\"registry.terraform.io/hashicorp/aws\"]",
      "instances": [
        {
          "schema_version": 1,
          "attributes": {
            "arn": "arn:aws:ec2:us-east-1:063684132054:subnet/subnet-0f82147eaaa68c5dc",
            "assign_ipv6_address_on_creation": false,
            "availability_zone": "us-east-1a",
            "availability_zone_id": "use1-az6",
            "cidr_block": "10.0.7.0/24",
            "customer_owned_ipv4_pool": "",
            "id": "subnet-0f82147eaaa68c5dc",
            "ipv6_cidr_block": "",
            "ipv6_cidr_block_association_id": "",
            "map_customer_owned_ip_on_launch": false,
            "map_public_ip_on_launch": false,
            "outpost_arn": "",
            "owner_id": "063684132054",
            "tags": {
              "Name": "data-subnet-1a"
            },
            "tags_all": {
              "Name": "data-subnet-1a"
            },
            "timeouts": null,
            "vpc_id": "vpc-087b4ff30d2c70afb"
          },
          "sensitive_attributes": [],
          "private": "eyJlMmJmYjczMC1lY2FhLTExZTYtOGY4OC0zNDM2M2JjN2M0YzAiOnsiY3JlYXRlIjo2MDAwMDAwMDAwMDAsImRlbGV0ZSI6MTIwMDAwMDAwMDAwMH0sInNjaGVtYV92ZXJzaW9uIjoiMSJ9",
          "dependencies": [
            "module.tfm_vpc.aws_vpc.main_vpc"
          ]
        }
      ]
    },
    {
      "module": "module.tfm_vpc",
      "mode": "managed",
      "type": "aws_subnet",
      "name": "data_b",
      "provider": "provider[\"registry.terraform.io/hashicorp/aws\"]",
      "instances": [
        {
          "schema_version": 1,
          "attributes": {
            "arn": "arn:aws:ec2:us-east-1:063684132054:subnet/subnet-01880e658d224a79a",
            "assign_ipv6_address_on_creation": false,
            "availability_zone": "us-east-1b",
            "availability_zone_id": "use1-az1",
            "cidr_block": "10.0.8.0/24",
            "customer_owned_ipv4_pool": "",
            "id": "subnet-01880e658d224a79a",
            "ipv6_cidr_block": "",
            "ipv6_cidr_block_association_id": "",
            "map_customer_owned_ip_on_launch": false,
            "map_public_ip_on_launch": false,
            "outpost_arn": "",
            "owner_id": "063684132054",
            "tags": {
              "Name": "data-subnet-1b"
            },
            "tags_all": {
              "Name": "data-subnet-1b"
            },
            "timeouts": null,
            "vpc_id": "vpc-087b4ff30d2c70afb"
          },
          "sensitive_attributes": [],
          "private": "eyJlMmJmYjczMC1lY2FhLTExZTYtOGY4OC0zNDM2M2JjN2M0YzAiOnsiY3JlYXRlIjo2MDAwMDAwMDAwMDAsImRlbGV0ZSI6MTIwMDAwMDAwMDAwMH0sInNjaGVtYV92ZXJzaW9uIjoiMSJ9",
          "dependencies": [
            "module.tfm_vpc.aws_vpc.main_vpc"
          ]
        }
      ]
    },
    {
      "module": "module.tfm_vpc",
      "mode": "managed",
      "type": "aws_subnet",
      "name": "data_c",
      "provider": "provider[\"registry.terraform.io/hashicorp/aws\"]",
      "instances": [
        {
          "schema_version": 1,
          "attributes": {
            "arn": "arn:aws:ec2:us-east-1:063684132054:subnet/subnet-097e02c9c837c2008",
            "assign_ipv6_address_on_creation": false,
            "availability_zone": "us-east-1c",
            "availability_zone_id": "use1-az2",
            "cidr_block": "10.0.9.0/24",
            "customer_owned_ipv4_pool": "",
            "id": "subnet-097e02c9c837c2008",
            "ipv6_cidr_block": "",
            "ipv6_cidr_block_association_id": "",
            "map_customer_owned_ip_on_launch": false,
            "map_public_ip_on_launch": false,
            "outpost_arn": "",
            "owner_id": "063684132054",
            "tags": {
              "Name": "data-subnet-1c"
            },
            "tags_all": {
              "Name": "data-subnet-1c"
            },
            "timeouts": null,
            "vpc_id": "vpc-087b4ff30d2c70afb"
          },
          "sensitive_attributes": [],
          "private": "eyJlMmJmYjczMC1lY2FhLTExZTYtOGY4OC0zNDM2M2JjN2M0YzAiOnsiY3JlYXRlIjo2MDAwMDAwMDAwMDAsImRlbGV0ZSI6MTIwMDAwMDAwMDAwMH0sInNjaGVtYV92ZXJzaW9uIjoiMSJ9",
          "dependencies": [
            "module.tfm_vpc.aws_vpc.main_vpc"
          ]
        }
      ]
    },
    {
      "module": "module.tfm_vpc",
      "mode": "managed",
      "type": "aws_subnet",
      "name": "private_a",
      "provider": "provider[\"registry.terraform.io/hashicorp/aws\"]",
      "instances": [
        {
          "schema_version": 1,
          "attributes": {
            "arn": "arn:aws:ec2:us-east-1:063684132054:subnet/subnet-04c4aa5510e4cde2e",
            "assign_ipv6_address_on_creation": false,
            "availability_zone": "us-east-1a",
            "availability_zone_id": "use1-az6",
            "cidr_block": "10.0.4.0/24",
            "customer_owned_ipv4_pool": "",
            "id": "subnet-04c4aa5510e4cde2e",
            "ipv6_cidr_block": "",
            "ipv6_cidr_block_association_id": "",
            "map_customer_owned_ip_on_launch": false,
            "map_public_ip_on_launch": false,
            "outpost_arn": "",
            "owner_id": "063684132054",
            "tags": {
              "Name": "private-subnet-1a"
            },
            "tags_all": {
              "Name": "private-subnet-1a"
            },
            "timeouts": null,
            "vpc_id": "vpc-087b4ff30d2c70afb"
          },
          "sensitive_attributes": [],
          "private": "eyJlMmJmYjczMC1lY2FhLTExZTYtOGY4OC0zNDM2M2JjN2M0YzAiOnsiY3JlYXRlIjo2MDAwMDAwMDAwMDAsImRlbGV0ZSI6MTIwMDAwMDAwMDAwMH0sInNjaGVtYV92ZXJzaW9uIjoiMSJ9",
          "dependencies": [
            "module.tfm_vpc.aws_vpc.main_vpc"
          ]
        }
      ]
    },
    {
      "module": "module.tfm_vpc",
      "mode": "managed",
      "type": "aws_subnet",
      "name": "private_b",
      "provider": "provider[\"registry.terraform.io/hashicorp/aws\"]",
      "instances": [
        {
          "schema_version": 1,
          "attributes": {
            "arn": "arn:aws:ec2:us-east-1:063684132054:subnet/subnet-0cdb2ca14af744d81",
            "assign_ipv6_address_on_creation": false,
            "availability_zone": "us-east-1b",
            "availability_zone_id": "use1-az1",
            "cidr_block": "10.0.5.0/24",
            "customer_owned_ipv4_pool": "",
            "id": "subnet-0cdb2ca14af744d81",
            "ipv6_cidr_block": "",
            "ipv6_cidr_block_association_id": "",
            "map_customer_owned_ip_on_launch": false,
            "map_public_ip_on_launch": false,
            "outpost_arn": "",
            "owner_id": "063684132054",
            "tags": {
              "Name": "private-subnet-1b"
            },
            "tags_all": {
              "Name": "private-subnet-1b"
            },
            "timeouts": null,
            "vpc_id": "vpc-087b4ff30d2c70afb"
          },
          "sensitive_attributes": [],
          "private": "eyJlMmJmYjczMC1lY2FhLTExZTYtOGY4OC0zNDM2M2JjN2M0YzAiOnsiY3JlYXRlIjo2MDAwMDAwMDAwMDAsImRlbGV0ZSI6MTIwMDAwMDAwMDAwMH0sInNjaGVtYV92ZXJzaW9uIjoiMSJ9",
          "dependencies": [
            "module.tfm_vpc.aws_vpc.main_vpc"
          ]
        }
      ]
    },
    {
      "module": "module.tfm_vpc",
      "mode": "managed",
      "type": "aws_subnet",
      "name": "private_c",
      "provider": "provider[\"registry.terraform.io/hashicorp/aws\"]",
      "instances": [
        {
          "schema_version": 1,
          "attributes": {
            "arn": "arn:aws:ec2:us-east-1:063684132054:subnet/subnet-05a01d1ecd618e85d",
            "assign_ipv6_address_on_creation": false,
            "availability_zone": "us-east-1c",
            "availability_zone_id": "use1-az2",
            "cidr_block": "10.0.6.0/24",
            "customer_owned_ipv4_pool": "",
            "id": "subnet-05a01d1ecd618e85d",
            "ipv6_cidr_block": "",
            "ipv6_cidr_block_association_id": "",
            "map_customer_owned_ip_on_launch": false,
            "map_public_ip_on_launch": false,
            "outpost_arn": "",
            "owner_id": "063684132054",
            "tags": {
              "Name": "private-subnet-1c"
            },
            "tags_all": {
              "Name": "private-subnet-1c"
            },
            "timeouts": null,
            "vpc_id": "vpc-087b4ff30d2c70afb"
          },
          "sensitive_attributes": [],
          "private": "eyJlMmJmYjczMC1lY2FhLTExZTYtOGY4OC0zNDM2M2JjN2M0YzAiOnsiY3JlYXRlIjo2MDAwMDAwMDAwMDAsImRlbGV0ZSI6MTIwMDAwMDAwMDAwMH0sInNjaGVtYV92ZXJzaW9uIjoiMSJ9",
          "dependencies": [
            "module.tfm_vpc.aws_vpc.main_vpc"
          ]
        }
      ]
    },
    {
      "module": "module.tfm_vpc",
      "mode": "managed",
      "type": "aws_subnet",
      "name": "public_a",
      "provider": "provider[\"registry.terraform.io/hashicorp/aws\"]",
      "instances": [
        {
          "schema_version": 1,
          "attributes": {
            "arn": "arn:aws:ec2:us-east-1:063684132054:subnet/subnet-02d5f6317679419e4",
            "assign_ipv6_address_on_creation": false,
            "availability_zone": "us-east-1a",
            "availability_zone_id": "use1-az6",
            "cidr_block": "10.0.1.0/24",
            "customer_owned_ipv4_pool": "",
            "id": "subnet-02d5f6317679419e4",
            "ipv6_cidr_block": "",
            "ipv6_cidr_block_association_id": "",
            "map_customer_owned_ip_on_launch": false,
            "map_public_ip_on_launch": true,
            "outpost_arn": "",
            "owner_id": "063684132054",
            "tags": {
              "Name": "public-subnet-1a"
            },
            "tags_all": {
              "Name": "public-subnet-1a"
            },
            "timeouts": null,
            "vpc_id": "vpc-087b4ff30d2c70afb"
          },
          "sensitive_attributes": [],
          "private": "eyJlMmJmYjczMC1lY2FhLTExZTYtOGY4OC0zNDM2M2JjN2M0YzAiOnsiY3JlYXRlIjo2MDAwMDAwMDAwMDAsImRlbGV0ZSI6MTIwMDAwMDAwMDAwMH0sInNjaGVtYV92ZXJzaW9uIjoiMSJ9",
          "dependencies": [
            "module.tfm_vpc.aws_vpc.main_vpc"
          ]
        }
      ]
    },
    {
      "module": "module.tfm_vpc",
      "mode": "managed",
      "type": "aws_subnet",
      "name": "public_b",
      "provider": "provider[\"registry.terraform.io/hashicorp/aws\"]",
      "instances": [
        {
          "schema_version": 1,
          "attributes": {
            "arn": "arn:aws:ec2:us-east-1:063684132054:subnet/subnet-028c3adf9227237be",
            "assign_ipv6_address_on_creation": false,
            "availability_zone": "us-east-1b",
            "availability_zone_id": "use1-az1",
            "cidr_block": "10.0.2.0/24",
            "customer_owned_ipv4_pool": "",
            "id": "subnet-028c3adf9227237be",
            "ipv6_cidr_block": "",
            "ipv6_cidr_block_association_id": "",
            "map_customer_owned_ip_on_launch": false,
            "map_public_ip_on_launch": true,
            "outpost_arn": "",
            "owner_id": "063684132054",
            "tags": {
              "Name": "public-subnet-1b"
            },
            "tags_all": {
              "Name": "public-subnet-1b"
            },
            "timeouts": null,
            "vpc_id": "vpc-087b4ff30d2c70afb"
          },
          "sensitive_attributes": [],
          "private": "eyJlMmJmYjczMC1lY2FhLTExZTYtOGY4OC0zNDM2M2JjN2M0YzAiOnsiY3JlYXRlIjo2MDAwMDAwMDAwMDAsImRlbGV0ZSI6MTIwMDAwMDAwMDAwMH0sInNjaGVtYV92ZXJzaW9uIjoiMSJ9",
          "dependencies": [
            "module.tfm_vpc.aws_vpc.main_vpc"
          ]
        }
      ]
    },
    {
      "module": "module.tfm_vpc",
      "mode": "managed",
      "type": "aws_subnet",
      "name": "public_c",
      "provider": "provider[\"registry.terraform.io/hashicorp/aws\"]",
      "instances": [
        {
          "schema_version": 1,
          "attributes": {
            "arn": "arn:aws:ec2:us-east-1:063684132054:subnet/subnet-01a9c911496e11836",
            "assign_ipv6_address_on_creation": false,
            "availability_zone": "us-east-1c",
            "availability_zone_id": "use1-az2",
            "cidr_block": "10.0.3.0/24",
            "customer_owned_ipv4_pool": "",
            "id": "subnet-01a9c911496e11836",
            "ipv6_cidr_block": "",
            "ipv6_cidr_block_association_id": "",
            "map_customer_owned_ip_on_launch": false,
            "map_public_ip_on_launch": true,
            "outpost_arn": "",
            "owner_id": "063684132054",
            "tags": {
              "Name": "public-subnet-1c"
            },
            "tags_all": {
              "Name": "public-subnet-1c"
            },
            "timeouts": null,
            "vpc_id": "vpc-087b4ff30d2c70afb"
          },
          "sensitive_attributes": [],
          "private": "eyJlMmJmYjczMC1lY2FhLTExZTYtOGY4OC0zNDM2M2JjN2M0YzAiOnsiY3JlYXRlIjo2MDAwMDAwMDAwMDAsImRlbGV0ZSI6MTIwMDAwMDAwMDAwMH0sInNjaGVtYV92ZXJzaW9uIjoiMSJ9",
          "dependencies": [
            "module.tfm_vpc.aws_vpc.main_vpc"
          ]
        }
      ]
    },
    {
      "module": "module.tfm_vpc",
      "mode": "managed",
      "type": "aws_vpc",
      "name": "main_vpc",
      "provider": "provider[\"registry.terraform.io/hashicorp/aws\"]",
      "instances": [
        {
          "schema_version": 1,
          "attributes": {
            "arn": "arn:aws:ec2:us-east-1:063684132054:vpc/vpc-087b4ff30d2c70afb",
            "assign_generated_ipv6_cidr_block": false,
            "cidr_block": "10.0.0.0/16",
            "default_network_acl_id": "acl-057c6472d8a94af29",
            "default_route_table_id": "rtb-02b54e96b48990ffd",
            "default_security_group_id": "sg-0abf7f15ff00429c1",
            "dhcp_options_id": "dopt-23feec58",
            "enable_classiclink": false,
            "enable_classiclink_dns_support": false,
            "enable_dns_hostnames": true,
            "enable_dns_support": true,
            "id": "vpc-087b4ff30d2c70afb",
            "instance_tenancy": "default",
            "ipv6_association_id": "",
            "ipv6_cidr_block": "",
            "main_route_table_id": "rtb-02b54e96b48990ffd",
            "owner_id": "063684132054",
            "tags": {
              "Name": "project-vpc"
            },
            "tags_all": {
              "Name": "project-vpc"
            }
          },
          "sensitive_attributes": [],
          "private": "eyJzY2hlbWFfdmVyc2lvbiI6IjEifQ=="
        }
      ]
    }
  ]
}
